// !$*UTF8*$!
{
	archiveVersion = 1;
	classes = {
	};
	objectVersion = 56;
	objects = {

/* Begin PBXBuildFile section */
		14CD7F132B39DD83001A5F2D /* ToastApp.swift in Sources */ = {isa = PBXBuildFile; fileRef = 14CD7F122B39DD83001A5F2D /* ToastApp.swift */; };
		14CD7F152B39DD83001A5F2D /* Root.swift in Sources */ = {isa = PBXBuildFile; fileRef = 14CD7F142B39DD83001A5F2D /* Root.swift */; };
		14CD7F172B39DD84001A5F2D /* Assets.xcassets in Resources */ = {isa = PBXBuildFile; fileRef = 14CD7F162B39DD84001A5F2D /* Assets.xcassets */; };
		14CD7F1A2B39DD84001A5F2D /* Preview Assets.xcassets in Resources */ = {isa = PBXBuildFile; fileRef = 14CD7F192B39DD84001A5F2D /* Preview Assets.xcassets */; };
		14CD7F212B39DD95001A5F2D /* Toast.swift in Sources */ = {isa = PBXBuildFile; fileRef = 14CD7F202B39DD95001A5F2D /* Toast.swift */; };
		14CD7F242B39DDBC001A5F2D /* ComposableArchitecture in Frameworks */ = {isa = PBXBuildFile; productRef = 14CD7F232B39DDBC001A5F2D /* ComposableArchitecture */; };
		14CD7F272B3B3ED9001A5F2D /* AsyncAlgorithms in Frameworks */ = {isa = PBXBuildFile; productRef = 14CD7F262B3B3ED9001A5F2D /* AsyncAlgorithms */; };
		14CD7F292B3BCD1E001A5F2D /* ToastClient.swift in Sources */ = {isa = PBXBuildFile; fileRef = 14CD7F282B3BCD1E001A5F2D /* ToastClient.swift */; };
/* End PBXBuildFile section */

/* Begin PBXFileReference section */
		14CD7F0F2B39DD83001A5F2D /* Toast.app */ = {isa = PBXFileReference; explicitFileType = wrapper.application; includeInIndex = 0; path = Toast.app; sourceTree = BUILT_PRODUCTS_DIR; };
		14CD7F122B39DD83001A5F2D /* ToastApp.swift */ = {isa = PBXFileReference; lastKnownFileType = sourcecode.swift; path = ToastApp.swift; sourceTree = "<group>"; };
		14CD7F142B39DD83001A5F2D /* Root.swift */ = {isa = PBXFileReference; lastKnownFileType = sourcecode.swift; path = Root.swift; sourceTree = "<group>"; };
		14CD7F162B39DD84001A5F2D /* Assets.xcassets */ = {isa = PBXFileReference; lastKnownFileType = folder.assetcatalog; path = Assets.xcassets; sourceTree = "<group>"; };
		14CD7F192B39DD84001A5F2D /* Preview Assets.xcassets */ = {isa = PBXFileReference; lastKnownFileType = folder.assetcatalog; path = "Preview Assets.xcassets"; sourceTree = "<group>"; };
		14CD7F202B39DD95001A5F2D /* Toast.swift */ = {isa = PBXFileReference; lastKnownFileType = sourcecode.swift; path = Toast.swift; sourceTree = "<group>"; };
		14CD7F282B3BCD1E001A5F2D /* ToastClient.swift */ = {isa = PBXFileReference; lastKnownFileType = sourcecode.swift; path = ToastClient.swift; sourceTree = "<group>"; };
/* End PBXFileReference section */

/* Begin PBXFrameworksBuildPhase section */
		14CD7F0C2B39DD83001A5F2D /* Frameworks */ = {
			isa = PBXFrameworksBuildPhase;
			buildActionMask = 2147483647;
			files = (
				14CD7F242B39DDBC001A5F2D /* ComposableArchitecture in Frameworks */,
				14CD7F272B3B3ED9001A5F2D /* AsyncAlgorithms in Frameworks */,
			);
			runOnlyForDeploymentPostprocessing = 0;
		};
/* End PBXFrameworksBuildPhase section */

/* Begin PBXGroup section */
		14CD7F062B39DD83001A5F2D = {
			isa = PBXGroup;
			children = (
				14CD7F112B39DD83001A5F2D /* Toast */,
				14CD7F102B39DD83001A5F2D /* Products */,
			);
			sourceTree = "<group>";
		};
		14CD7F102B39DD83001A5F2D /* Products */ = {
			isa = PBXGroup;
			children = (
				14CD7F0F2B39DD83001A5F2D /* Toast.app */,
			);
			name = Products;
			sourceTree = "<group>";
		};
		14CD7F112B39DD83001A5F2D /* Toast */ = {
			isa = PBXGroup;
			children = (
				14CD7F122B39DD83001A5F2D /* ToastApp.swift */,
				14CD7F142B39DD83001A5F2D /* Root.swift */,
				14CD7F202B39DD95001A5F2D /* Toast.swift */,
				14CD7F282B3BCD1E001A5F2D /* ToastClient.swift */,
				14CD7F162B39DD84001A5F2D /* Assets.xcassets */,
				14CD7F182B39DD84001A5F2D /* Preview Content */,
			);
			path = Toast;
			sourceTree = "<group>";
		};
		14CD7F182B39DD84001A5F2D /* Preview Content */ = {
			isa = PBXGroup;
			children = (
				14CD7F192B39DD84001A5F2D /* Preview Assets.xcassets */,
			);
			path = "Preview Content";
			sourceTree = "<group>";
		};
/* End PBXGroup section */

/* Begin PBXNativeTarget section */
		14CD7F0E2B39DD83001A5F2D /* Toast */ = {
			isa = PBXNativeTarget;
			buildConfigurationList = 14CD7F1D2B39DD84001A5F2D /* Build configuration list for PBXNativeTarget "Toast" */;
			buildPhases = (
				14CD7F0B2B39DD83001A5F2D /* Sources */,
				14CD7F0C2B39DD83001A5F2D /* Frameworks */,
				14CD7F0D2B39DD83001A5F2D /* Resources */,
			);
			buildRules = (
			);
			dependencies = (
			);
			name = Toast;
			packageProductDependencies = (
				14CD7F232B39DDBC001A5F2D /* ComposableArchitecture */,
				14CD7F262B3B3ED9001A5F2D /* AsyncAlgorithms */,
			);
			productName = Toast;
			productReference = 14CD7F0F2B39DD83001A5F2D /* Toast.app */;
			productType = "com.apple.product-type.application";
		};
/* End PBXNativeTarget section */

/* Begin PBXProject section */
		14CD7F072B39DD83001A5F2D /* Project object */ = {
			isa = PBXProject;
			attributes = {
				BuildIndependentTargetsInParallel = 1;
				LastSwiftUpdateCheck = 1510;
				LastUpgradeCheck = 1510;
				TargetAttributes = {
					14CD7F0E2B39DD83001A5F2D = {
						CreatedOnToolsVersion = 15.1;
					};
				};
			};
			buildConfigurationList = 14CD7F0A2B39DD83001A5F2D /* Build configuration list for PBXProject "Toast" */;
			compatibilityVersion = "Xcode 14.0";
			developmentRegion = en;
			hasScannedForEncodings = 0;
			knownRegions = (
				en,
				Base,
			);
			mainGroup = 14CD7F062B39DD83001A5F2D;
			packageReferences = (
				14CD7F222B39DDBC001A5F2D /* XCRemoteSwiftPackageReference "swift-composable-architecture" */,
				14CD7F252B3B3ED9001A5F2D /* XCRemoteSwiftPackageReference "swift-async-algorithms" */,
			);
			productRefGroup = 14CD7F102B39DD83001A5F2D /* Products */;
			projectDirPath = "";
			projectRoot = "";
			targets = (
				14CD7F0E2B39DD83001A5F2D /* Toast */,
			);
		};
/* End PBXProject section */

/* Begin PBXResourcesBuildPhase section */
		14CD7F0D2B39DD83001A5F2D /* Resources */ = {
			isa = PBXResourcesBuildPhase;
			buildActionMask = 2147483647;
			files = (
				14CD7F1A2B39DD84001A5F2D /* Preview Assets.xcassets in Resources */,
				14CD7F172B39DD84001A5F2D /* Assets.xcassets in Resources */,
			);
			runOnlyForDeploymentPostprocessing = 0;
		};
/* End PBXResourcesBuildPhase section */

/* Begin PBXSourcesBuildPhase section */
		14CD7F0B2B39DD83001A5F2D /* Sources */ = {
			isa = PBXSourcesBuildPhase;
			buildActionMask = 2147483647;
			files = (
				14CD7F152B39DD83001A5F2D /* Root.swift in Sources */,
				14CD7F212B39DD95001A5F2D /* Toast.swift in Sources */,
				14CD7F292B3BCD1E001A5F2D /* ToastClient.swift in Sources */,
				14CD7F132B39DD83001A5F2D /* ToastApp.swift in Sources */,
			);
			runOnlyForDeploymentPostprocessing = 0;
		};
/* End PBXSourcesBuildPhase section */

/* Begin XCBuildConfiguration section */
		14CD7F1B2B39DD84001A5F2D /* Debug */ = {
			isa = XCBuildConfiguration;
			buildSettings = {
				ALWAYS_SEARCH_USER_PATHS = NO;
				ASSETCATALOG_COMPILER_GENERATE_SWIFT_ASSET_SYMBOL_EXTENSIONS = YES;
				CLANG_ANALYZER_NONNULL = YES;
				CLANG_ANALYZER_NUMBER_OBJECT_CONVERSION = YES_AGGRESSIVE;
				CLANG_CXX_LANGUAGE_STANDARD = "gnu++20";
				CLANG_ENABLE_MODULES = YES;
				CLANG_ENABLE_OBJC_ARC = YES;
				CLANG_ENABLE_OBJC_WEAK = YES;
				CLANG_WARN_BLOCK_CAPTURE_AUTORELEASING = YES;
				CLANG_WARN_BOOL_CONVERSION = YES;
				CLANG_WARN_COMMA = YES;
				CLANG_WARN_CONSTANT_CONVERSION = YES;
				CLANG_WARN_DEPRECATED_OBJC_IMPLEMENTATIONS = YES;
				CLANG_WARN_DIRECT_OBJC_ISA_USAGE = YES_ERROR;
				CLANG_WARN_DOCUMENTATION_COMMENTS = YES;
				CLANG_WARN_EMPTY_BODY = YES;
				CLANG_WARN_ENUM_CONVERSION = YES;
				CLANG_WARN_INFINITE_RECURSION = YES;
				CLANG_WARN_INT_CONVERSION = YES;
				CLANG_WARN_NON_LITERAL_NULL_CONVERSION = YES;
				CLANG_WARN_OBJC_IMPLICIT_RETAIN_SELF = YES;
				CLANG_WARN_OBJC_LITERAL_CONVERSION = YES;
				CLANG_WARN_OBJC_ROOT_CLASS = YES_ERROR;
				CLANG_WARN_QUOTED_INCLUDE_IN_FRAMEWORK_HEADER = YES;
				CLANG_WARN_RANGE_LOOP_ANALYSIS = YES;
				CLANG_WARN_STRICT_PROTOTYPES = YES;
				CLANG_WARN_SUSPICIOUS_MOVE = YES;
				CLANG_WARN_UNGUARDED_AVAILABILITY = YES_AGGRESSIVE;
				CLANG_WARN_UNREACHABLE_CODE = YES;
				CLANG_WARN__DUPLICATE_METHOD_MATCH = YES;
				COPY_PHASE_STRIP = NO;
				DEBUG_INFORMATION_FORMAT = dwarf;
				ENABLE_STRICT_OBJC_MSGSEND = YES;
				ENABLE_TESTABILITY = YES;
				ENABLE_USER_SCRIPT_SANDBOXING = YES;
				GCC_C_LANGUAGE_STANDARD = gnu17;
				GCC_DYNAMIC_NO_PIC = NO;
				GCC_NO_COMMON_BLOCKS = YES;
				GCC_OPTIMIZATION_LEVEL = 0;
				GCC_PREPROCESSOR_DEFINITIONS = (
					"DEBUG=1",
					"$(inherited)",
				);
				GCC_WARN_64_TO_32_BIT_CONVERSION = YES;
				GCC_WARN_ABOUT_RETURN_TYPE = YES_ERROR;
				GCC_WARN_UNDECLARED_SELECTOR = YES;
				GCC_WARN_UNINITIALIZED_AUTOS = YES_AGGRESSIVE;
				GCC_WARN_UNUSED_FUNCTION = YES;
				GCC_WARN_UNUSED_VARIABLE = YES;
				IPHONEOS_DEPLOYMENT_TARGET = 17.2;
				LOCALIZATION_PREFERS_STRING_CATALOGS = YES;
				MTL_ENABLE_DEBUG_INFO = INCLUDE_SOURCE;
				MTL_FAST_MATH = YES;
				ONLY_ACTIVE_ARCH = YES;
				SDKROOT = iphoneos;
				SWIFT_ACTIVE_COMPILATION_CONDITIONS = "DEBUG $(inherited)";
				SWIFT_OPTIMIZATION_LEVEL = "-Onone";
			};
			name = Debug;
		};
		14CD7F1C2B39DD84001A5F2D /* Release */ = {
			isa = XCBuildConfiguration;
			buildSettings = {
				ALWAYS_SEARCH_USER_PATHS = NO;
				ASSETCATALOG_COMPILER_GENERATE_SWIFT_ASSET_SYMBOL_EXTENSIONS = YES;
				CLANG_ANALYZER_NONNULL = YES;
				CLANG_ANALYZER_NUMBER_OBJECT_CONVERSION = YES_AGGRESSIVE;
				CLANG_CXX_LANGUAGE_STANDARD = "gnu++20";
				CLANG_ENABLE_MODULES = YES;
				CLANG_ENABLE_OBJC_ARC = YES;
				CLANG_ENABLE_OBJC_WEAK = YES;
				CLANG_WARN_BLOCK_CAPTURE_AUTORELEASING = YES;
				CLANG_WARN_BOOL_CONVERSION = YES;
				CLANG_WARN_COMMA = YES;
				CLANG_WARN_CONSTANT_CONVERSION = YES;
				CLANG_WARN_DEPRECATED_OBJC_IMPLEMENTATIONS = YES;
				CLANG_WARN_DIRECT_OBJC_ISA_USAGE = YES_ERROR;
				CLANG_WARN_DOCUMENTATION_COMMENTS = YES;
				CLANG_WARN_EMPTY_BODY = YES;
				CLANG_WARN_ENUM_CONVERSION = YES;
				CLANG_WARN_INFINITE_RECURSION = YES;
				CLANG_WARN_INT_CONVERSION = YES;
				CLANG_WARN_NON_LITERAL_NULL_CONVERSION = YES;
				CLANG_WARN_OBJC_IMPLICIT_RETAIN_SELF = YES;
				CLANG_WARN_OBJC_LITERAL_CONVERSION = YES;
				CLANG_WARN_OBJC_ROOT_CLASS = YES_ERROR;
				CLANG_WARN_QUOTED_INCLUDE_IN_FRAMEWORK_HEADER = YES;
				CLANG_WARN_RANGE_LOOP_ANALYSIS = YES;
				CLANG_WARN_STRICT_PROTOTYPES = YES;
				CLANG_WARN_SUSPICIOUS_MOVE = YES;
				CLANG_WARN_UNGUARDED_AVAILABILITY = YES_AGGRESSIVE;
				CLANG_WARN_UNREACHABLE_CODE = YES;
				CLANG_WARN__DUPLICATE_METHOD_MATCH = YES;
				COPY_PHASE_STRIP = NO;
				DEBUG_INFORMATION_FORMAT = "dwarf-with-dsym";
				ENABLE_NS_ASSERTIONS = NO;
				ENABLE_STRICT_OBJC_MSGSEND = YES;
				ENABLE_USER_SCRIPT_SANDBOXING = YES;
				GCC_C_LANGUAGE_STANDARD = gnu17;
				GCC_NO_COMMON_BLOCKS = YES;
				GCC_WARN_64_TO_32_BIT_CONVERSION = YES;
				GCC_WARN_ABOUT_RETURN_TYPE = YES_ERROR;
				GCC_WARN_UNDECLARED_SELECTOR = YES;
				GCC_WARN_UNINITIALIZED_AUTOS = YES_AGGRESSIVE;
				GCC_WARN_UNUSED_FUNCTION = YES;
				GCC_WARN_UNUSED_VARIABLE = YES;
				IPHONEOS_DEPLOYMENT_TARGET = 17.2;
				LOCALIZATION_PREFERS_STRING_CATALOGS = YES;
				MTL_ENABLE_DEBUG_INFO = NO;
				MTL_FAST_MATH = YES;
				SDKROOT = iphoneos;
				SWIFT_COMPILATION_MODE = wholemodule;
				VALIDATE_PRODUCT = YES;
			};
			name = Release;
		};
		14CD7F1E2B39DD84001A5F2D /* Debug */ = {
			isa = XCBuildConfiguration;
			buildSettings = {
				ASSETCATALOG_COMPILER_APPICON_NAME = AppIcon;
				ASSETCATALOG_COMPILER_GLOBAL_ACCENT_COLOR_NAME = AccentColor;
				CODE_SIGN_STYLE = Automatic;
				CURRENT_PROJECT_VERSION = 1;
				DEVELOPMENT_ASSET_PATHS = "\"Toast/Preview Content\"";
				DEVELOPMENT_TEAM = 8M9ZJHC5U5;
				ENABLE_PREVIEWS = YES;
				GENERATE_INFOPLIST_FILE = YES;
				INFOPLIST_KEY_UIApplicationSceneManifest_Generation = YES;
				INFOPLIST_KEY_UIApplicationSupportsIndirectInputEvents = YES;
				INFOPLIST_KEY_UILaunchScreen_Generation = YES;
				INFOPLIST_KEY_UISupportedInterfaceOrientations_iPad = "UIInterfaceOrientationPortrait UIInterfaceOrientationPortraitUpsideDown UIInterfaceOrientationLandscapeLeft UIInterfaceOrientationLandscapeRight";
				INFOPLIST_KEY_UISupportedInterfaceOrientations_iPhone = "UIInterfaceOrientationPortrait UIInterfaceOrientationLandscapeLeft UIInterfaceOrientationLandscapeRight";
				LD_RUNPATH_SEARCH_PATHS = (
					"$(inherited)",
					"@executable_path/Frameworks",
				);
				MARKETING_VERSION = 1.0;
				PRODUCT_BUNDLE_IDENTIFIER = com.snowfort.Toast;
				PRODUCT_NAME = "$(TARGET_NAME)";
				SWIFT_EMIT_LOC_STRINGS = YES;
				SWIFT_STRICT_CONCURRENCY = complete;
				SWIFT_VERSION = 5.0;
				TARGETED_DEVICE_FAMILY = "1,2";
			};
			name = Debug;
		};
		14CD7F1F2B39DD84001A5F2D /* Release */ = {
			isa = XCBuildConfiguration;
			buildSettings = {
				ASSETCATALOG_COMPILER_APPICON_NAME = AppIcon;
				ASSETCATALOG_COMPILER_GLOBAL_ACCENT_COLOR_NAME = AccentColor;
				CODE_SIGN_STYLE = Automatic;
				CURRENT_PROJECT_VERSION = 1;
				DEVELOPMENT_ASSET_PATHS = "\"Toast/Preview Content\"";
				DEVELOPMENT_TEAM = 8M9ZJHC5U5;
				ENABLE_PREVIEWS = YES;
				GENERATE_INFOPLIST_FILE = YES;
				INFOPLIST_KEY_UIApplicationSceneManifest_Generation = YES;
				INFOPLIST_KEY_UIApplicationSupportsIndirectInputEvents = YES;
				INFOPLIST_KEY_UILaunchScreen_Generation = YES;
				INFOPLIST_KEY_UISupportedInterfaceOrientations_iPad = "UIInterfaceOrientationPortrait UIInterfaceOrientationPortraitUpsideDown UIInterfaceOrientationLandscapeLeft UIInterfaceOrientationLandscapeRight";
				INFOPLIST_KEY_UISupportedInterfaceOrientations_iPhone = "UIInterfaceOrientationPortrait UIInterfaceOrientationLandscapeLeft UIInterfaceOrientationLandscapeRight";
				LD_RUNPATH_SEARCH_PATHS = (
					"$(inherited)",
					"@executable_path/Frameworks",
				);
				MARKETING_VERSION = 1.0;
				PRODUCT_BUNDLE_IDENTIFIER = com.snowfort.Toast;
				PRODUCT_NAME = "$(TARGET_NAME)";
				SWIFT_EMIT_LOC_STRINGS = YES;
				SWIFT_STRICT_CONCURRENCY = complete;
				SWIFT_VERSION = 5.0;
				TARGETED_DEVICE_FAMILY = "1,2";
			};
			name = Release;
		};
/* End XCBuildConfiguration section */

/* Begin XCConfigurationList section */
		14CD7F0A2B39DD83001A5F2D /* Build configuration list for PBXProject "Toast" */ = {
			isa = XCConfigurationList;
			buildConfigurations = (
				14CD7F1B2B39DD84001A5F2D /* Debug */,
				14CD7F1C2B39DD84001A5F2D /* Release */,
			);
			defaultConfigurationIsVisible = 0;
			defaultConfigurationName = Release;
		};
		14CD7F1D2B39DD84001A5F2D /* Build configuration list for PBXNativeTarget "Toast" */ = {
			isa = XCConfigurationList;
			buildConfigurations = (
				14CD7F1E2B39DD84001A5F2D /* Debug */,
				14CD7F1F2B39DD84001A5F2D /* Release */,
			);
			defaultConfigurationIsVisible = 0;
			defaultConfigurationName = Release;
		};
/* End XCConfigurationList section */

/* Begin XCRemoteSwiftPackageReference section */
		14CD7F222B39DDBC001A5F2D /* XCRemoteSwiftPackageReference "swift-composable-architecture" */ = {
			isa = XCRemoteSwiftPackageReference;
			repositoryURL = "https://github.com/pointfreeco/swift-composable-architecture.git";
			requirement = {
				branch = "observation-beta";
				kind = branch;
			};
		};
		14CD7F252B3B3ED9001A5F2D /* XCRemoteSwiftPackageReference "swift-async-algorithms" */ = {
			isa = XCRemoteSwiftPackageReference;
			repositoryURL = "https://github.com/apple/swift-async-algorithms.git";
			requirement = {
				kind = upToNextMajorVersion;
				minimumVersion = 1.0.0;
			};
		};
/* End XCRemoteSwiftPackageReference section */

/* Begin XCSwiftPackageProductDependency section */
		14CD7F232B39DDBC001A5F2D /* ComposableArchitecture */ = {
			isa = XCSwiftPackageProductDependency;
			package = 14CD7F222B39DDBC001A5F2D /* XCRemoteSwiftPackageReference "swift-composable-architecture" */;
			productName = ComposableArchitecture;
		};
		14CD7F262B3B3ED9001A5F2D /* AsyncAlgorithms */ = {
			isa = XCSwiftPackageProductDependency;
			package = 14CD7F252B3B3ED9001A5F2D /* XCRemoteSwiftPackageReference "swift-async-algorithms" */;
			productName = AsyncAlgorithms;
		};
/* End XCSwiftPackageProductDependency section */
	};
	rootObject = 14CD7F072B39DD83001A5F2D /* Project object */;
}
